// !$*UTF8*$!
{
	archiveVersion = 1;
	classes = {
	};
	objectVersion = 50;
	objects = {

/* Begin PBXBuildFile section */
		7348467C26B7FB09008784A8 /* AppDelegate.swift in Sources */ = {isa = PBXBuildFile; fileRef = 7348467B26B7FB09008784A8 /* AppDelegate.swift */; };
		7348467E26B7FB09008784A8 /* SceneDelegate.swift in Sources */ = {isa = PBXBuildFile; fileRef = 7348467D26B7FB09008784A8 /* SceneDelegate.swift */; };
		7348468026B7FB09008784A8 /* ViewController.swift in Sources */ = {isa = PBXBuildFile; fileRef = 7348467F26B7FB09008784A8 /* ViewController.swift */; };
		7348468326B7FB09008784A8 /* Main.storyboard in Resources */ = {isa = PBXBuildFile; fileRef = 7348468126B7FB09008784A8 /* Main.storyboard */; };
		7348468526B7FB0B008784A8 /* Assets.xcassets in Resources */ = {isa = PBXBuildFile; fileRef = 7348468426B7FB0B008784A8 /* Assets.xcassets */; };
		7348468826B7FB0B008784A8 /* LaunchScreen.storyboard in Resources */ = {isa = PBXBuildFile; fileRef = 7348468626B7FB0B008784A8 /* LaunchScreen.storyboard */; };
		7348469426B8191E008784A8 /* homeviewcontroller.swift in Sources */ = {isa = PBXBuildFile; fileRef = 7348469326B8191E008784A8 /* homeviewcontroller.swift */; };
		7348469626B81972008784A8 /* splash1viewcontroller.swift in Sources */ = {isa = PBXBuildFile; fileRef = 7348469526B81972008784A8 /* splash1viewcontroller.swift */; };
		7356F51826BD5F25007A14A0 /* SignuppageViewController.swift in Sources */ = {isa = PBXBuildFile; fileRef = 7356F51726BD5F25007A14A0 /* SignuppageViewController.swift */; };
		736DF06C26B9463700D4116F /* roundbutton.swift in Sources */ = {isa = PBXBuildFile; fileRef = 736DF06B26B9463700D4116F /* roundbutton.swift */; };
		738A094226BC172F006F7AF9 /* GuideTwoViewController.swift in Sources */ = {isa = PBXBuildFile; fileRef = 738A094126BC172F006F7AF9 /* GuideTwoViewController.swift */; };
		738A094426BC186C006F7AF9 /* guidethreeViewController.swift in Sources */ = {isa = PBXBuildFile; fileRef = 738A094326BC186C006F7AF9 /* guidethreeViewController.swift */; };
		739CD73926BD0FD200E80B85 /* Login1ViewController.swift in Sources */ = {isa = PBXBuildFile; fileRef = 739CD73826BD0FD200E80B85 /* Login1ViewController.swift */; };
		739CD73B26BD17E400E80B85 /* login2.swift in Sources */ = {isa = PBXBuildFile; fileRef = 739CD73A26BD17E400E80B85 /* login2.swift */; };
		739CD73D26BD38B800E80B85 /* StoryBoard.swift in Sources */ = {isa = PBXBuildFile; fileRef = 739CD73C26BD38B800E80B85 /* StoryBoard.swift */; };
		739CD73F26BD399800E80B85 /* AppSingelton.swift in Sources */ = {isa = PBXBuildFile; fileRef = 739CD73E26BD399800E80B85 /* AppSingelton.swift */; };
/* End PBXBuildFile section */

/* Begin PBXFileReference section */
		7348467826B7FB09008784A8 /* Travel.app */ = {isa = PBXFileReference; explicitFileType = wrapper.application; includeInIndex = 0; path = Travel.app; sourceTree = BUILT_PRODUCTS_DIR; };
		7348467B26B7FB09008784A8 /* AppDelegate.swift */ = {isa = PBXFileReference; lastKnownFileType = sourcecode.swift; path = AppDelegate.swift; sourceTree = "<group>"; };
		7348467D26B7FB09008784A8 /* SceneDelegate.swift */ = {isa = PBXFileReference; lastKnownFileType = sourcecode.swift; path = SceneDelegate.swift; sourceTree = "<group>"; };
		7348467F26B7FB09008784A8 /* ViewController.swift */ = {isa = PBXFileReference; lastKnownFileType = sourcecode.swift; path = ViewController.swift; sourceTree = "<group>"; };
		7348468226B7FB09008784A8 /* Base */ = {isa = PBXFileReference; lastKnownFileType = file.storyboard; name = Base; path = Base.lproj/Main.storyboard; sourceTree = "<group>"; };
		7348468426B7FB0B008784A8 /* Assets.xcassets */ = {isa = PBXFileReference; lastKnownFileType = folder.assetcatalog; path = Assets.xcassets; sourceTree = "<group>"; };
		7348468726B7FB0B008784A8 /* Base */ = {isa = PBXFileReference; lastKnownFileType = file.storyboard; name = Base; path = Base.lproj/LaunchScreen.storyboard; sourceTree = "<group>"; };
		7348468926B7FB0B008784A8 /* Info.plist */ = {isa = PBXFileReference; lastKnownFileType = text.plist.xml; path = Info.plist; sourceTree = "<group>"; };
		7348469326B8191E008784A8 /* homeviewcontroller.swift */ = {isa = PBXFileReference; lastKnownFileType = sourcecode.swift; path = homeviewcontroller.swift; sourceTree = "<group>"; };
		7348469526B81972008784A8 /* splash1viewcontroller.swift */ = {isa = PBXFileReference; lastKnownFileType = sourcecode.swift; path = splash1viewcontroller.swift; sourceTree = "<group>"; };
		7356F51726BD5F25007A14A0 /* SignuppageViewController.swift */ = {isa = PBXFileReference; lastKnownFileType = sourcecode.swift; path = SignuppageViewController.swift; sourceTree = "<group>"; };
		736DF06B26B9463700D4116F /* roundbutton.swift */ = {isa = PBXFileReference; lastKnownFileType = sourcecode.swift; path = roundbutton.swift; sourceTree = "<group>"; };
		738A094126BC172F006F7AF9 /* GuideTwoViewController.swift */ = {isa = PBXFileReference; lastKnownFileType = sourcecode.swift; path = GuideTwoViewController.swift; sourceTree = "<group>"; };
		738A094326BC186C006F7AF9 /* guidethreeViewController.swift */ = {isa = PBXFileReference; lastKnownFileType = sourcecode.swift; path = guidethreeViewController.swift; sourceTree = "<group>"; };
		739CD73826BD0FD200E80B85 /* Login1ViewController.swift */ = {isa = PBXFileReference; lastKnownFileType = sourcecode.swift; path = Login1ViewController.swift; sourceTree = "<group>"; };
		739CD73A26BD17E400E80B85 /* login2.swift */ = {isa = PBXFileReference; lastKnownFileType = sourcecode.swift; path = login2.swift; sourceTree = "<group>"; };
		739CD73C26BD38B800E80B85 /* StoryBoard.swift */ = {isa = PBXFileReference; lastKnownFileType = sourcecode.swift; path = StoryBoard.swift; sourceTree = "<group>"; };
		739CD73E26BD399800E80B85 /* AppSingelton.swift */ = {isa = PBXFileReference; lastKnownFileType = sourcecode.swift; path = AppSingelton.swift; sourceTree = "<group>"; };
/* End PBXFileReference section */

/* Begin PBXFrameworksBuildPhase section */
		7348467526B7FB09008784A8 /* Frameworks */ = {
			isa = PBXFrameworksBuildPhase;
			buildActionMask = 2147483647;
			files = (
			);
			runOnlyForDeploymentPostprocessing = 0;
		};
/* End PBXFrameworksBuildPhase section */

/* Begin PBXGroup section */
		7348466F26B7FB09008784A8 = {
			isa = PBXGroup;
			children = (
				7348467A26B7FB09008784A8 /* Travel */,
				7348467926B7FB09008784A8 /* Products */,
			);
			sourceTree = "<group>";
		};
		7348467926B7FB09008784A8 /* Products */ = {
			isa = PBXGroup;
			children = (
				7348467826B7FB09008784A8 /* Travel.app */,
			);
			name = Products;
			sourceTree = "<group>";
		};
		7348467A26B7FB09008784A8 /* Travel */ = {
			isa = PBXGroup;
			children = (
				7348467B26B7FB09008784A8 /* AppDelegate.swift */,
				7348467D26B7FB09008784A8 /* SceneDelegate.swift */,
				7348469726B8197A008784A8 /* viewcontrollers */,
				7348468126B7FB09008784A8 /* Main.storyboard */,
				7348468426B7FB0B008784A8 /* Assets.xcassets */,
				7348468926B7FB0B008784A8 /* Info.plist */,
			);
			path = Travel;
			sourceTree = "<group>";
		};
		7348469726B8197A008784A8 /* viewcontrollers */ = {
			isa = PBXGroup;
			children = (
				7348467F26B7FB09008784A8 /* ViewController.swift */,
				7348469326B8191E008784A8 /* homeviewcontroller.swift */,
				7348469526B81972008784A8 /* splash1viewcontroller.swift */,
				736DF06B26B9463700D4116F /* roundbutton.swift */,
				7348468626B7FB0B008784A8 /* LaunchScreen.storyboard */,
				738A094126BC172F006F7AF9 /* GuideTwoViewController.swift */,
				738A094326BC186C006F7AF9 /* guidethreeViewController.swift */,
				739CD73826BD0FD200E80B85 /* Login1ViewController.swift */,
				739CD73A26BD17E400E80B85 /* login2.swift */,
				739CD73C26BD38B800E80B85 /* StoryBoard.swift */,
				739CD73E26BD399800E80B85 /* AppSingelton.swift */,
				7356F51726BD5F25007A14A0 /* SignuppageViewController.swift */,
			);
			path = viewcontrollers;
			sourceTree = "<group>";
		};
/* End PBXGroup section */

/* Begin PBXNativeTarget section */
		7348467726B7FB09008784A8 /* Travel */ = {
			isa = PBXNativeTarget;
			buildConfigurationList = 7348468C26B7FB0B008784A8 /* Build configuration list for PBXNativeTarget "Travel" */;
			buildPhases = (
				7348467426B7FB09008784A8 /* Sources */,
				7348467526B7FB09008784A8 /* Frameworks */,
				7348467626B7FB09008784A8 /* Resources */,
			);
			buildRules = (
			);
			dependencies = (
			);
			name = Travel;
			productName = Travel;
			productReference = 7348467826B7FB09008784A8 /* Travel.app */;
			productType = "com.apple.product-type.application";
		};
/* End PBXNativeTarget section */

/* Begin PBXProject section */
		7348467026B7FB09008784A8 /* Project object */ = {
			isa = PBXProject;
			attributes = {
				LastSwiftUpdateCheck = 1250;
				LastUpgradeCheck = 1250;
				TargetAttributes = {
					7348467726B7FB09008784A8 = {
						CreatedOnToolsVersion = 12.5.1;
					};
				};
			};
			buildConfigurationList = 7348467326B7FB09008784A8 /* Build configuration list for PBXProject "Travel" */;
			compatibilityVersion = "Xcode 9.3";
			developmentRegion = en;
			hasScannedForEncodings = 0;
			knownRegions = (
				en,
				Base,
			);
			mainGroup = 7348466F26B7FB09008784A8;
			productRefGroup = 7348467926B7FB09008784A8 /* Products */;
			projectDirPath = "";
			projectRoot = "";
			targets = (
				7348467726B7FB09008784A8 /* Travel */,
			);
		};
/* End PBXProject section */

/* Begin PBXResourcesBuildPhase section */
		7348467626B7FB09008784A8 /* Resources */ = {
			isa = PBXResourcesBuildPhase;
			buildActionMask = 2147483647;
			files = (
				7348468826B7FB0B008784A8 /* LaunchScreen.storyboard in Resources */,
				7348468526B7FB0B008784A8 /* Assets.xcassets in Resources */,
				7348468326B7FB09008784A8 /* Main.storyboard in Resources */,
			);
			runOnlyForDeploymentPostprocessing = 0;
		};
/* End PBXResourcesBuildPhase section */

/* Begin PBXSourcesBuildPhase section */
		7348467426B7FB09008784A8 /* Sources */ = {
			isa = PBXSourcesBuildPhase;
			buildActionMask = 2147483647;
			files = (
				736DF06C26B9463700D4116F /* roundbutton.swift in Sources */,
				739CD73F26BD399800E80B85 /* AppSingelton.swift in Sources */,
				7348469626B81972008784A8 /* splash1viewcontroller.swift in Sources */,
				739CD73D26BD38B800E80B85 /* StoryBoard.swift in Sources */,
				739CD73B26BD17E400E80B85 /* login2.swift in Sources */,
				7348469426B8191E008784A8 /* homeviewcontroller.swift in Sources */,
				739CD73926BD0FD200E80B85 /* Login1ViewController.swift in Sources */,
				7348468026B7FB09008784A8 /* ViewController.swift in Sources */,
				7348467C26B7FB09008784A8 /* AppDelegate.swift in Sources */,
				738A094226BC172F006F7AF9 /* GuideTwoViewController.swift in Sources */,
				738A094426BC186C006F7AF9 /* guidethreeViewController.swift in Sources */,
				7348467E26B7FB09008784A8 /* SceneDelegate.swift in Sources */,
				7356F51826BD5F25007A14A0 /* SignuppageViewController.swift in Sources */,
			);
			runOnlyForDeploymentPostprocessing = 0;
		};
/* End PBXSourcesBuildPhase section */

/* Begin PBXVariantGroup section */
		7348468126B7FB09008784A8 /* Main.storyboard */ = {
			isa = PBXVariantGroup;
			children = (
				7348468226B7FB09008784A8 /* Base */,
			);
			name = Main.storyboard;
			sourceTree = "<group>";
		};
		7348468626B7FB0B008784A8 /* LaunchScreen.storyboard */ = {
			isa = PBXVariantGroup;
			children = (
				7348468726B7FB0B008784A8 /* Base */,
			);
			name = LaunchScreen.storyboard;
			sourceTree = "<group>";
		};
/* End PBXVariantGroup section */

/* Begin XCBuildConfiguration section */
		7348468A26B7FB0B008784A8 /* Debug */ = {
			isa = XCBuildConfiguration;
			buildSettings = {
				ALWAYS_SEARCH_USER_PATHS = NO;
				CLANG_ANALYZER_NONNULL = YES;
				CLANG_ANALYZER_NUMBER_OBJECT_CONVERSION = YES_AGGRESSIVE;
				CLANG_CXX_LANGUAGE_STANDARD = "gnu++14";
				CLANG_CXX_LIBRARY = "libc++";
				CLANG_ENABLE_MODULES = YES;
				CLANG_ENABLE_OBJC_ARC = YES;
				CLANG_ENABLE_OBJC_WEAK = YES;
				CLANG_WARN_BLOCK_CAPTURE_AUTORELEASING = YES;
				CLANG_WARN_BOOL_CONVERSION = YES;
				CLANG_WARN_COMMA = YES;
				CLANG_WARN_CONSTANT_CONVERSION = YES;
				CLANG_WARN_DEPRECATED_OBJC_IMPLEMENTATIONS = YES;
				CLANG_WARN_DIRECT_OBJC_ISA_USAGE = YES_ERROR;
				CLANG_WARN_DOCUMENTATION_COMMENTS = YES;
				CLANG_WARN_EMPTY_BODY = YES;
				CLANG_WARN_ENUM_CONVERSION = YES;
				CLANG_WARN_INFINITE_RECURSION = YES;
				CLANG_WARN_INT_CONVERSION = YES;
				CLANG_WARN_NON_LITERAL_NULL_CONVERSION = YES;
				CLANG_WARN_OBJC_IMPLICIT_RETAIN_SELF = YES;
				CLANG_WARN_OBJC_LITERAL_CONVERSION = YES;
				CLANG_WARN_OBJC_ROOT_CLASS = YES_ERROR;
				CLANG_WARN_QUOTED_INCLUDE_IN_FRAMEWORK_HEADER = YES;
				CLANG_WARN_RANGE_LOOP_ANALYSIS = YES;
				CLANG_WARN_STRICT_PROTOTYPES = YES;
				CLANG_WARN_SUSPICIOUS_MOVE = YES;
				CLANG_WARN_UNGUARDED_AVAILABILITY = YES_AGGRESSIVE;
				CLANG_WARN_UNREACHABLE_CODE = YES;
				CLANG_WARN__DUPLICATE_METHOD_MATCH = YES;
				COPY_PHASE_STRIP = NO;
				DEBUG_INFORMATION_FORMAT = dwarf;
				ENABLE_STRICT_OBJC_MSGSEND = YES;
				ENABLE_TESTABILITY = YES;
				GCC_C_LANGUAGE_STANDARD = gnu11;
				GCC_DYNAMIC_NO_PIC = NO;
				GCC_NO_COMMON_BLOCKS = YES;
				GCC_OPTIMIZATION_LEVEL = 0;
				GCC_PREPROCESSOR_DEFINITIONS = (
					"DEBUG=1",
					"$(inherited)",
				);
				GCC_WARN_64_TO_32_BIT_CONVERSION = YES;
				GCC_WARN_ABOUT_RETURN_TYPE = YES_ERROR;
				GCC_WARN_UNDECLARED_SELECTOR = YES;
				GCC_WARN_UNINITIALIZED_AUTOS = YES_AGGRESSIVE;
				GCC_WARN_UNUSED_FUNCTION = YES;
				GCC_WARN_UNUSED_VARIABLE = YES;
				IPHONEOS_DEPLOYMENT_TARGET = 14.5;
				MTL_ENABLE_DEBUG_INFO = INCLUDE_SOURCE;
				MTL_FAST_MATH = YES;
				ONLY_ACTIVE_ARCH = YES;
				SDKROOT = iphoneos;
				SWIFT_ACTIVE_COMPILATION_CONDITIONS = DEBUG;
				SWIFT_OPTIMIZATION_LEVEL = "-Onone";
			};
			name = Debug;
		};
		7348468B26B7FB0B008784A8 /* Release */ = {
			isa = XCBuildConfiguration;
			buildSettings = {
				ALWAYS_SEARCH_USER_PATHS = NO;
				CLANG_ANALYZER_NONNULL = YES;
				CLANG_ANALYZER_NUMBER_OBJECT_CONVERSION = YES_AGGRESSIVE;
				CLANG_CXX_LANGUAGE_STANDARD = "gnu++14";
				CLANG_CXX_LIBRARY = "libc++";
				CLANG_ENABLE_MODULES = YES;
				CLANG_ENABLE_OBJC_ARC = YES;
				CLANG_ENABLE_OBJC_WEAK = YES;
				CLANG_WARN_BLOCK_CAPTURE_AUTORELEASING = YES;
				CLANG_WARN_BOOL_CONVERSION = YES;
				CLANG_WARN_COMMA = YES;
				CLANG_WARN_CONSTANT_CONVERSION = YES;
				CLANG_WARN_DEPRECATED_OBJC_IMPLEMENTATIONS = YES;
				CLANG_WARN_DIRECT_OBJC_ISA_USAGE = YES_ERROR;
				CLANG_WARN_DOCUMENTATION_COMMENTS = YES;
				CLANG_WARN_EMPTY_BODY = YES;
				CLANG_WARN_ENUM_CONVERSION = YES;
				CLANG_WARN_INFINITE_RECURSION = YES;
				CLANG_WARN_INT_CONVERSION = YES;
				CLANG_WARN_NON_LITERAL_NULL_CONVERSION = YES;
				CLANG_WARN_OBJC_IMPLICIT_RETAIN_SELF = YES;
				CLANG_WARN_OBJC_LITERAL_CONVERSION = YES;
				CLANG_WARN_OBJC_ROOT_CLASS = YES_ERROR;
				CLANG_WARN_QUOTED_INCLUDE_IN_FRAMEWORK_HEADER = YES;
				CLANG_WARN_RANGE_LOOP_ANALYSIS = YES;
				CLANG_WARN_STRICT_PROTOTYPES = YES;
				CLANG_WARN_SUSPICIOUS_MOVE = YES;
				CLANG_WARN_UNGUARDED_AVAILABILITY = YES_AGGRESSIVE;
				CLANG_WARN_UNREACHABLE_CODE = YES;
				CLANG_WARN__DUPLICATE_METHOD_MATCH = YES;
				COPY_PHASE_STRIP = NO;
				DEBUG_INFORMATION_FORMAT = "dwarf-with-dsym";
				ENABLE_NS_ASSERTIONS = NO;
				ENABLE_STRICT_OBJC_MSGSEND = YES;
				GCC_C_LANGUAGE_STANDARD = gnu11;
				GCC_NO_COMMON_BLOCKS = YES;
				GCC_WARN_64_TO_32_BIT_CONVERSION = YES;
				GCC_WARN_ABOUT_RETURN_TYPE = YES_ERROR;
				GCC_WARN_UNDECLARED_SELECTOR = YES;
				GCC_WARN_UNINITIALIZED_AUTOS = YES_AGGRESSIVE;
				GCC_WARN_UNUSED_FUNCTION = YES;
				GCC_WARN_UNUSED_VARIABLE = YES;
				IPHONEOS_DEPLOYMENT_TARGET = 14.5;
				MTL_ENABLE_DEBUG_INFO = NO;
				MTL_FAST_MATH = YES;
				SDKROOT = iphoneos;
				SWIFT_COMPILATION_MODE = wholemodule;
				SWIFT_OPTIMIZATION_LEVEL = "-O";
				VALIDATE_PRODUCT = YES;
			};
			name = Release;
		};
		7348468D26B7FB0B008784A8 /* Debug */ = {
			isa = XCBuildConfiguration;
			buildSettings = {
				ASSETCATALOG_COMPILER_APPICON_NAME = AppIcon;
				ASSETCATALOG_COMPILER_GLOBAL_ACCENT_COLOR_NAME = AccentColor;
				CODE_SIGN_STYLE = Automatic;
				INFOPLIST_FILE = Travel/Info.plist;
				LD_RUNPATH_SEARCH_PATHS = (
					"$(inherited)",
					"@executable_path/Frameworks",
				);
				PRODUCT_BUNDLE_IDENTIFIER = com.Travel;
				PRODUCT_NAME = "$(TARGET_NAME)";
				SWIFT_VERSION = 5.0;
				TARGETED_DEVICE_FAMILY = "1,2";
			};
			name = Debug;
		};
		7348468E26B7FB0B008784A8 /* Release */ = {
			isa = XCBuildConfiguration;
			buildSettings = {
				ASSETCATALOG_COMPILER_APPICON_NAME = AppIcon;
				ASSETCATALOG_COMPILER_GLOBAL_ACCENT_COLOR_NAME = AccentColor;
				CODE_SIGN_STYLE = Automatic;
				INFOPLIST_FILE = Travel/Info.plist;
				LD_RUNPATH_SEARCH_PATHS = (
					"$(inherited)",
					"@executable_path/Frameworks",
				);
				PRODUCT_BUNDLE_IDENTIFIER = com.Travel;
				PRODUCT_NAME = "$(TARGET_NAME)";
				SWIFT_VERSION = 5.0;
				TARGETED_DEVICE_FAMILY = "1,2";
			};
			name = Release;
		};
/* End XCBuildConfiguration section */

/* Begin XCConfigurationList section */
		7348467326B7FB09008784A8 /* Build configuration list for PBXProject "Travel" */ = {
			isa = XCConfigurationList;
			buildConfigurations = (
				7348468A26B7FB0B008784A8 /* Debug */,
				7348468B26B7FB0B008784A8 /* Release */,
			);
			defaultConfigurationIsVisible = 0;
			defaultConfigurationName = Release;
		};
		7348468C26B7FB0B008784A8 /* Build configuration list for PBXNativeTarget "Travel" */ = {
			isa = XCConfigurationList;
			buildConfigurations = (
				7348468D26B7FB0B008784A8 /* Debug */,
				7348468E26B7FB0B008784A8 /* Release */,
			);
			defaultConfigurationIsVisible = 0;
			defaultConfigurationName = Release;
		};
/* End XCConfigurationList section */
	};
	rootObject = 7348467026B7FB09008784A8 /* Project object */;
}
